{
  "requires": true,
  "lockfileVersion": 1,
  "dependencies": {
    "persianjs": {
      "version": "0.4.0",
      "resolved": "https://registry.npmjs.org/persianjs/-/persianjs-0.4.0.tgz",
      "integrity": "sha512-mRxvgI3sqPJf+/h1fZuj86uCg0nHR3aVsFsx+Nror+ZeUFTIbgDjVa9zjDJETMUwrgSwo8D1l8FdLzYEayKH1A=="
    }
  }
}
